
Microsoft Visual Studio Solution File, Format Version 12.00
# Visual Studio 14
VisualStudioVersion = 14.0.25420.1
MinimumVisualStudioVersion = 10.0.40219.1
Project("{8BC9CEB8-8B4A-11D0-8D11-00A0C91BC942}") = "FasTC", "msvc\FasTC.vcxproj", "{4BB72AE5-62FC-408F-AD4C-884AC23BCF69}"
	ProjectSection(ProjectDependencies) = postProject
		{3783BE7E-26CE-45BC-82E8-E3F3868FF108} = {3783BE7E-26CE-45BC-82E8-E3F3868FF108}
		{7C2EEC81-2691-455B-BAF2-7F200316C313} = {7C2EEC81-2691-455B-BAF2-7F200316C313}
	EndProjectSection
EndProject
Project("{8BC9CEB8-8B4A-11D0-8D11-00A0C91BC942}") = "tc", "msvc\tc.vcxproj", "{EE832715-1E1C-4426-8364-DA6036CD6DF2}"
EndProject
Project("{8BC9CEB8-8B4A-11D0-8D11-00A0C91BC942}") = "compare", "msvc\compare.vcxproj", "{DB56A5D6-A903-417C-B379-1689786BAE2E}"
EndProject
Project("{8BC9CEB8-8B4A-11D0-8D11-00A0C91BC942}") = "decomp", "msvc\decomp.vcxproj", "{C07CD8F4-3F52-48C7-A9A0-CBC16D34B01F}"
EndProject
Project("{2150E333-8FDC-42A3-9474-1A3956D46DE8}") = "third_party", "third_party", "{6B674F71-EB40-4D10-8148-CA76BEAE03ED}"
EndProject
Project("{8BC9CEB8-8B4A-11D0-8D11-00A0C91BC942}") = "libpng", "third_party\libpng\contrib\vstudio\libpng.vcxproj", "{3783BE7E-26CE-45BC-82E8-E3F3868FF108}"
EndProject
Project("{8BC9CEB8-8B4A-11D0-8D11-00A0C91BC942}") = "zlib", "third_party\zlib\contrib\vstudio\zlib.vcxproj", "{7C2EEC81-2691-455B-BAF2-7F200316C313}"
EndProject
Project("{8BC9CEB8-8B4A-11D0-8D11-00A0C91BC942}") = "gtest", "msvc\gtest.vcxproj", "{DC978EDB-D313-47A9-BBED-EA56A9527A19}"
EndProject
Project("{8BC9CEB8-8B4A-11D0-8D11-00A0C91BC942}") = "FasTC_test", "test\FasTC_test.vcxproj", "{1B7B727C-4FDF-4ADF-B482-1D15FAFEE064}"
EndProject
Global
	GlobalSection(SolutionConfigurationPlatforms) = preSolution
		Debug|x64 = Debug|x64
		Debug|x86 = Debug|x86
		Release|x64 = Release|x64
		Release|x86 = Release|x86
	EndGlobalSection
	GlobalSection(ProjectConfigurationPlatforms) = postSolution
		{4BB72AE5-62FC-408F-AD4C-884AC23BCF69}.Debug|x64.ActiveCfg = Debug|x64
		{4BB72AE5-62FC-408F-AD4C-884AC23BCF69}.Debug|x64.Build.0 = Debug|x64
		{4BB72AE5-62FC-408F-AD4C-884AC23BCF69}.Debug|x86.ActiveCfg = Debug|Win32
		{4BB72AE5-62FC-408F-AD4C-884AC23BCF69}.Debug|x86.Build.0 = Debug|Win32
		{4BB72AE5-62FC-408F-AD4C-884AC23BCF69}.Release|x64.ActiveCfg = Release|x64
		{4BB72AE5-62FC-408F-AD4C-884AC23BCF69}.Release|x64.Build.0 = Release|x64
		{4BB72AE5-62FC-408F-AD4C-884AC23BCF69}.Release|x86.ActiveCfg = Release|Win32
		{4BB72AE5-62FC-408F-AD4C-884AC23BCF69}.Release|x86.Build.0 = Release|Win32
		{EE832715-1E1C-4426-8364-DA6036CD6DF2}.Debug|x64.ActiveCfg = Debug|x64
		{EE832715-1E1C-4426-8364-DA6036CD6DF2}.Debug|x64.Build.0 = Debug|x64
		{EE832715-1E1C-4426-8364-DA6036CD6DF2}.Debug|x86.ActiveCfg = Debug|Win32
		{EE832715-1E1C-4426-8364-DA6036CD6DF2}.Debug|x86.Build.0 = Debug|Win32
		{EE832715-1E1C-4426-8364-DA6036CD6DF2}.Release|x64.ActiveCfg = Release|x64
		{EE832715-1E1C-4426-8364-DA6036CD6DF2}.Release|x64.Build.0 = Release|x64
		{EE832715-1E1C-4426-8364-DA6036CD6DF2}.Release|x86.ActiveCfg = Release|Win32
		{EE832715-1E1C-4426-8364-DA6036CD6DF2}.Release|x86.Build.0 = Release|Win32
		{DB56A5D6-A903-417C-B379-1689786BAE2E}.Debug|x64.ActiveCfg = Debug|x64
		{DB56A5D6-A903-417C-B379-1689786BAE2E}.Debug|x64.Build.0 = Debug|x64
		{DB56A5D6-A903-417C-B379-1689786BAE2E}.Debug|x86.ActiveCfg = Debug|Win32
		{DB56A5D6-A903-417C-B379-1689786BAE2E}.Debug|x86.Build.0 = Debug|Win32
		{DB56A5D6-A903-417C-B379-1689786BAE2E}.Release|x64.ActiveCfg = Release|x64
		{DB56A5D6-A903-417C-B379-1689786BAE2E}.Release|x64.Build.0 = Release|x64
		{DB56A5D6-A903-417C-B379-1689786BAE2E}.Release|x86.ActiveCfg = Release|Win32
		{DB56A5D6-A903-417C-B379-1689786BAE2E}.Release|x86.Build.0 = Release|Win32
		{C07CD8F4-3F52-48C7-A9A0-CBC16D34B01F}.Debug|x64.ActiveCfg = Debug|x64
		{C07CD8F4-3F52-48C7-A9A0-CBC16D34B01F}.Debug|x64.Build.0 = Debug|x64
		{C07CD8F4-3F52-48C7-A9A0-CBC16D34B01F}.Debug|x86.ActiveCfg = Debug|Win32
		{C07CD8F4-3F52-48C7-A9A0-CBC16D34B01F}.Debug|x86.Build.0 = Debug|Win32
		{C07CD8F4-3F52-48C7-A9A0-CBC16D34B01F}.Release|x64.ActiveCfg = Release|x64
		{C07CD8F4-3F52-48C7-A9A0-CBC16D34B01F}.Release|x64.Build.0 = Release|x64
		{C07CD8F4-3F52-48C7-A9A0-CBC16D34B01F}.Release|x86.ActiveCfg = Release|Win32
		{C07CD8F4-3F52-48C7-A9A0-CBC16D34B01F}.Release|x86.Build.0 = Release|Win32
		{3783BE7E-26CE-45BC-82E8-E3F3868FF108}.Debug|x64.ActiveCfg = Debug|x64
		{3783BE7E-26CE-45BC-82E8-E3F3868FF108}.Debug|x64.Build.0 = Debug|x64
		{3783BE7E-26CE-45BC-82E8-E3F3868FF108}.Debug|x86.ActiveCfg = Debug|Win32
		{3783BE7E-26CE-45BC-82E8-E3F3868FF108}.Debug|x86.Build.0 = Debug|Win32
		{3783BE7E-26CE-45BC-82E8-E3F3868FF108}.Release|x64.ActiveCfg = Release|x64
		{3783BE7E-26CE-45BC-82E8-E3F3868FF108}.Release|x64.Build.0 = Release|x64
		{3783BE7E-26CE-45BC-82E8-E3F3868FF108}.Release|x86.ActiveCfg = Release|Win32
		{3783BE7E-26CE-45BC-82E8-E3F3868FF108}.Release|x86.Build.0 = Release|Win32
		{7C2EEC81-2691-455B-BAF2-7F200316C313}.Debug|x64.ActiveCfg = Debug|x64
		{7C2EEC81-2691-455B-BAF2-7F200316C313}.Debug|x64.Build.0 = Debug|x64
		{7C2EEC81-2691-455B-BAF2-7F200316C313}.Debug|x86.ActiveCfg = Debug|Win32
		{7C2EEC81-2691-455B-BAF2-7F200316C313}.Debug|x86.Build.0 = Debug|Win32
		{7C2EEC81-2691-455B-BAF2-7F200316C313}.Release|x64.ActiveCfg = Release|x64
		{7C2EEC81-2691-455B-BAF2-7F200316C313}.Release|x64.Build.0 = Release|x64
		{7C2EEC81-2691-455B-BAF2-7F200316C313}.Release|x86.ActiveCfg = Release|Win32
		{7C2EEC81-2691-455B-BAF2-7F200316C313}.Release|x86.Build.0 = Release|Win32
		{DC978EDB-D313-47A9-BBED-EA56A9527A19}.Debug|x64.ActiveCfg = Debug|x64
		{DC978EDB-D313-47A9-BBED-EA56A9527A19}.Debug|x64.Build.0 = Debug|x64
		{DC978EDB-D313-47A9-BBED-EA56A9527A19}.Debug|x86.ActiveCfg = Debug|Win32
		{DC978EDB-D313-47A9-BBED-EA56A9527A19}.Debug|x86.Build.0 = Debug|Win32
		{DC978EDB-D313-47A9-BBED-EA56A9527A19}.Release|x64.ActiveCfg = Release|x64
		{DC978EDB-D313-47A9-BBED-EA56A9527A19}.Release|x64.Build.0 = Release|x64
		{DC978EDB-D313-47A9-BBED-EA56A9527A19}.Release|x86.ActiveCfg = Release|Win32
		{DC978EDB-D313-47A9-BBED-EA56A9527A19}.Release|x86.Build.0 = Release|Win32
		{1B7B727C-4FDF-4ADF-B482-1D15FAFEE064}.Debug|x64.ActiveCfg = Debug|x64
		{1B7B727C-4FDF-4ADF-B482-1D15FAFEE064}.Debug|x64.Build.0 = Debug|x64
		{1B7B727C-4FDF-4ADF-B482-1D15FAFEE064}.Debug|x86.ActiveCfg = Debug|Win32
		{1B7B727C-4FDF-4ADF-B482-1D15FAFEE064}.Debug|x86.Build.0 = Debug|Win32
		{1B7B727C-4FDF-4ADF-B482-1D15FAFEE064}.Release|x64.ActiveCfg = Release|x64
		{1B7B727C-4FDF-4ADF-B482-1D15FAFEE064}.Release|x64.Build.0 = Release|x64
		{1B7B727C-4FDF-4ADF-B482-1D15FAFEE064}.Release|x86.ActiveCfg = Release|Win32
		{1B7B727C-4FDF-4ADF-B482-1D15FAFEE064}.Release|x86.Build.0 = Release|Win32
	EndGlobalSection
	GlobalSection(SolutionProperties) = preSolution
		HideSolutionNode = FALSE
	EndGlobalSection
	GlobalSection(NestedProjects) = preSolution
		{3783BE7E-26CE-45BC-82E8-E3F3868FF108} = {6B674F71-EB40-4D10-8148-CA76BEAE03ED}
		{7C2EEC81-2691-455B-BAF2-7F200316C313} = {6B674F71-EB40-4D10-8148-CA76BEAE03ED}
		{DC978EDB-D313-47A9-BBED-EA56A9527A19} = {6B674F71-EB40-4D10-8148-CA76BEAE03ED}
	EndGlobalSection
EndGlobal
